
Microsoft Visual Studio Solution File, Format Version 12.00
# Visual Studio 15
VisualStudioVersion = 15.0.28307.271
MinimumVisualStudioVersion = 10.0.40219.1
Project("{FAE04EC0-301F-11D3-BF4B-00C04F79EFBC}") = "DesafioMeta", "DesafioMeta\DesafioMeta.csproj", "{87D9F597-D6A8-4AF1-82BF-00B3C68702CB}"
EndProject
Global
	GlobalSection(SolutionConfigurationPlatforms) = preSolution
		Debug|Any CPU = Debug|Any CPU
		Release|Any CPU = Release|Any CPU
	EndGlobalSection
	GlobalSection(ProjectConfigurationPlatforms) = postSolution
		{87D9F597-D6A8-4AF1-82BF-00B3C68702CB}.Debug|Any CPU.ActiveCfg = Debug|Any CPU
		{87D9F597-D6A8-4AF1-82BF-00B3C68702CB}.Debug|Any CPU.Build.0 = Debug|Any CPU
		{87D9F597-D6A8-4AF1-82BF-00B3C68702CB}.Release|Any CPU.ActiveCfg = Release|Any CPU
		{87D9F597-D6A8-4AF1-82BF-00B3C68702CB}.Release|Any CPU.Build.0 = Release|Any CPU
	EndGlobalSection
	GlobalSection(SolutionProperties) = preSolution
		HideSolutionNode = FALSE
	EndGlobalSection
	GlobalSection(ExtensibilityGlobals) = postSolution
		SolutionGuid = {0EEF7982-5DCD-4C8E-8631-DE56E3A429A6}
	EndGlobalSection
EndGlobal
